
Microsoft Visual Studio Solution File, Format Version 12.00
# Visual Studio Version 16
VisualStudioVersion = 16.0.30804.86
MinimumVisualStudioVersion = 10.0.40219.1
Project("{FAE04EC0-301F-11D3-BF4B-00C04F79EFBC}") = "AppPrestamo.UWP", "AppPrestamo\AppPrestamo.UWP\AppPrestamo.UWP.csproj", "{AF6C3EF7-C1A7-4AA2-86E5-27A44AD62F0E}"
EndProject
Project("{FAE04EC0-301F-11D3-BF4B-00C04F79EFBC}") = "AppPrestamo.Android", "AppPrestamo\AppPrestamo.Android\AppPrestamo.Android.csproj", "{39CE1AF7-3B22-4EEF-8187-C443DF7406E4}"
EndProject
Project("{FAE04EC0-301F-11D3-BF4B-00C04F79EFBC}") = "AppPrestamo.iOS", "AppPrestamo\AppPrestamo.iOS\AppPrestamo.iOS.csproj", "{EE429D4C-4784-4855-8BCE-4E117922FFC6}"
EndProject
Project("{FAE04EC0-301F-11D3-BF4B-00C04F79EFBC}") = "AppPrestamo", "AppPrestamo\AppPrestamo\AppPrestamo.csproj", "{441A1DBE-869C-4F7B-A936-6C69F9A275E8}"
EndProject
Global
	GlobalSection(SolutionConfigurationPlatforms) = preSolution
		Debug|Any CPU = Debug|Any CPU
		Debug|ARM = Debug|ARM
		Debug|iPhone = Debug|iPhone
		Debug|iPhoneSimulator = Debug|iPhoneSimulator
		Debug|x64 = Debug|x64
		Debug|x86 = Debug|x86
		Release|Any CPU = Release|Any CPU
		Release|ARM = Release|ARM
		Release|iPhone = Release|iPhone
		Release|iPhoneSimulator = Release|iPhoneSimulator
		Release|x64 = Release|x64
		Release|x86 = Release|x86
	EndGlobalSection
	GlobalSection(ProjectConfigurationPlatforms) = postSolution
		{AF6C3EF7-C1A7-4AA2-86E5-27A44AD62F0E}.Debug|Any CPU.ActiveCfg = Debug|x86
		{AF6C3EF7-C1A7-4AA2-86E5-27A44AD62F0E}.Debug|Any CPU.Build.0 = Debug|x86
		{AF6C3EF7-C1A7-4AA2-86E5-27A44AD62F0E}.Debug|Any CPU.Deploy.0 = Debug|x86
		{AF6C3EF7-C1A7-4AA2-86E5-27A44AD62F0E}.Debug|ARM.ActiveCfg = Debug|ARM
		{AF6C3EF7-C1A7-4AA2-86E5-27A44AD62F0E}.Debug|ARM.Build.0 = Debug|ARM
		{AF6C3EF7-C1A7-4AA2-86E5-27A44AD62F0E}.Debug|ARM.Deploy.0 = Debug|ARM
		{AF6C3EF7-C1A7-4AA2-86E5-27A44AD62F0E}.Debug|iPhone.ActiveCfg = Debug|x86
		{AF6C3EF7-C1A7-4AA2-86E5-27A44AD62F0E}.Debug|iPhone.Build.0 = Debug|x86
		{AF6C3EF7-C1A7-4AA2-86E5-27A44AD62F0E}.Debug|iPhone.Deploy.0 = Debug|x86
		{AF6C3EF7-C1A7-4AA2-86E5-27A44AD62F0E}.Debug|iPhoneSimulator.ActiveCfg = Debug|x86
		{AF6C3EF7-C1A7-4AA2-86E5-27A44AD62F0E}.Debug|iPhoneSimulator.Build.0 = Debug|x86
		{AF6C3EF7-C1A7-4AA2-86E5-27A44AD62F0E}.Debug|iPhoneSimulator.Deploy.0 = Debug|x86
		{AF6C3EF7-C1A7-4AA2-86E5-27A44AD62F0E}.Debug|x64.ActiveCfg = Debug|x64
		{AF6C3EF7-C1A7-4AA2-86E5-27A44AD62F0E}.Debug|x64.Build.0 = Debug|x64
		{AF6C3EF7-C1A7-4AA2-86E5-27A44AD62F0E}.Debug|x64.Deploy.0 = Debug|x64
		{AF6C3EF7-C1A7-4AA2-86E5-27A44AD62F0E}.Debug|x86.ActiveCfg = Debug|x86
		{AF6C3EF7-C1A7-4AA2-86E5-27A44AD62F0E}.Debug|x86.Build.0 = Debug|x86
		{AF6C3EF7-C1A7-4AA2-86E5-27A44AD62F0E}.Debug|x86.Deploy.0 = Debug|x86
		{AF6C3EF7-C1A7-4AA2-86E5-27A44AD62F0E}.Release|Any CPU.ActiveCfg = Release|x86
		{AF6C3EF7-C1A7-4AA2-86E5-27A44AD62F0E}.Release|Any CPU.Build.0 = Release|x86
		{AF6C3EF7-C1A7-4AA2-86E5-27A44AD62F0E}.Release|Any CPU.Deploy.0 = Release|x86
		{AF6C3EF7-C1A7-4AA2-86E5-27A44AD62F0E}.Release|ARM.ActiveCfg = Release|ARM
		{AF6C3EF7-C1A7-4AA2-86E5-27A44AD62F0E}.Release|ARM.Build.0 = Release|ARM
		{AF6C3EF7-C1A7-4AA2-86E5-27A44AD62F0E}.Release|ARM.Deploy.0 = Release|ARM
		{AF6C3EF7-C1A7-4AA2-86E5-27A44AD62F0E}.Release|iPhone.ActiveCfg = Release|x86
		{AF6C3EF7-C1A7-4AA2-86E5-27A44AD62F0E}.Release|iPhone.Build.0 = Release|x86
		{AF6C3EF7-C1A7-4AA2-86E5-27A44AD62F0E}.Release|iPhone.Deploy.0 = Release|x86
		{AF6C3EF7-C1A7-4AA2-86E5-27A44AD62F0E}.Release|iPhoneSimulator.ActiveCfg = Release|x86
		{AF6C3EF7-C1A7-4AA2-86E5-27A44AD62F0E}.Release|iPhoneSimulator.Build.0 = Release|x86
		{AF6C3EF7-C1A7-4AA2-86E5-27A44AD62F0E}.Release|iPhoneSimulator.Deploy.0 = Release|x86
		{AF6C3EF7-C1A7-4AA2-86E5-27A44AD62F0E}.Release|x64.ActiveCfg = Release|x64
		{AF6C3EF7-C1A7-4AA2-86E5-27A44AD62F0E}.Release|x64.Build.0 = Release|x64
		{AF6C3EF7-C1A7-4AA2-86E5-27A44AD62F0E}.Release|x64.Deploy.0 = Release|x64
		{AF6C3EF7-C1A7-4AA2-86E5-27A44AD62F0E}.Release|x86.ActiveCfg = Release|x86
		{AF6C3EF7-C1A7-4AA2-86E5-27A44AD62F0E}.Release|x86.Build.0 = Release|x86
		{AF6C3EF7-C1A7-4AA2-86E5-27A44AD62F0E}.Release|x86.Deploy.0 = Release|x86
		{39CE1AF7-3B22-4EEF-8187-C443DF7406E4}.Debug|Any CPU.ActiveCfg = Debug|Any CPU
		{39CE1AF7-3B22-4EEF-8187-C443DF7406E4}.Debug|Any CPU.Build.0 = Debug|Any CPU
		{39CE1AF7-3B22-4EEF-8187-C443DF7406E4}.Debug|Any CPU.Deploy.0 = Debug|Any CPU
		{39CE1AF7-3B22-4EEF-8187-C443DF7406E4}.Debug|ARM.ActiveCfg = Debug|Any CPU
		{39CE1AF7-3B22-4EEF-8187-C443DF7406E4}.Debug|ARM.Build.0 = Debug|Any CPU
		{39CE1AF7-3B22-4EEF-8187-C443DF7406E4}.Debug|ARM.Deploy.0 = Debug|Any CPU
		{39CE1AF7-3B22-4EEF-8187-C443DF7406E4}.Debug|iPhone.ActiveCfg = Debug|Any CPU
		{39CE1AF7-3B22-4EEF-8187-C443DF7406E4}.Debug|iPhone.Build.0 = Debug|Any CPU
		{39CE1AF7-3B22-4EEF-8187-C443DF7406E4}.Debug|iPhone.Deploy.0 = Debug|Any CPU
		{39CE1AF7-3B22-4EEF-8187-C443DF7406E4}.Debug|iPhoneSimulator.ActiveCfg = Debug|Any CPU
		{39CE1AF7-3B22-4EEF-8187-C443DF7406E4}.Debug|iPhoneSimulator.Build.0 = Debug|Any CPU
		{39CE1AF7-3B22-4EEF-8187-C443DF7406E4}.Debug|iPhoneSimulator.Deploy.0 = Debug|Any CPU
		{39CE1AF7-3B22-4EEF-8187-C443DF7406E4}.Debug|x64.ActiveCfg = Debug|Any CPU
		{39CE1AF7-3B22-4EEF-8187-C443DF7406E4}.Debug|x64.Build.0 = Debug|Any CPU
		{39CE1AF7-3B22-4EEF-8187-C443DF7406E4}.Debug|x64.Deploy.0 = Debug|Any CPU
		{39CE1AF7-3B22-4EEF-8187-C443DF7406E4}.Debug|x86.ActiveCfg = Debug|Any CPU
		{39CE1AF7-3B22-4EEF-8187-C443DF7406E4}.Debug|x86.Build.0 = Debug|Any CPU
		{39CE1AF7-3B22-4EEF-8187-C443DF7406E4}.Debug|x86.Deploy.0 = Debug|Any CPU
		{39CE1AF7-3B22-4EEF-8187-C443DF7406E4}.Release|Any CPU.ActiveCfg = Release|Any CPU
		{39CE1AF7-3B22-4EEF-8187-C443DF7406E4}.Release|Any CPU.Build.0 = Release|Any CPU
		{39CE1AF7-3B22-4EEF-8187-C443DF7406E4}.Release|Any CPU.Deploy.0 = Release|Any CPU
		{39CE1AF7-3B22-4EEF-8187-C443DF7406E4}.Release|ARM.ActiveCfg = Release|Any CPU
		{39CE1AF7-3B22-4EEF-8187-C443DF7406E4}.Release|ARM.Build.0 = Release|Any CPU
		{39CE1AF7-3B22-4EEF-8187-C443DF7406E4}.Release|ARM.Deploy.0 = Release|Any CPU
		{39CE1AF7-3B22-4EEF-8187-C443DF7406E4}.Release|iPhone.ActiveCfg = Release|Any CPU
		{39CE1AF7-3B22-4EEF-8187-C443DF7406E4}.Release|iPhone.Build.0 = Release|Any CPU
		{39CE1AF7-3B22-4EEF-8187-C443DF7406E4}.Release|iPhone.Deploy.0 = Release|Any CPU
		{39CE1AF7-3B22-4EEF-8187-C443DF7406E4}.Release|iPhoneSimulator.ActiveCfg = Release|Any CPU
		{39CE1AF7-3B22-4EEF-8187-C443DF7406E4}.Release|iPhoneSimulator.Build.0 = Release|Any CPU
		{39CE1AF7-3B22-4EEF-8187-C443DF7406E4}.Release|iPhoneSimulator.Deploy.0 = Release|Any CPU
		{39CE1AF7-3B22-4EEF-8187-C443DF7406E4}.Release|x64.ActiveCfg = Release|Any CPU
		{39CE1AF7-3B22-4EEF-8187-C443DF7406E4}.Release|x64.Build.0 = Release|Any CPU
		{39CE1AF7-3B22-4EEF-8187-C443DF7406E4}.Release|x64.Deploy.0 = Release|Any CPU
		{39CE1AF7-3B22-4EEF-8187-C443DF7406E4}.Release|x86.ActiveCfg = Release|Any CPU
		{39CE1AF7-3B22-4EEF-8187-C443DF7406E4}.Release|x86.Build.0 = Release|Any CPU
		{39CE1AF7-3B22-4EEF-8187-C443DF7406E4}.Release|x86.Deploy.0 = Release|Any CPU
		{EE429D4C-4784-4855-8BCE-4E117922FFC6}.Debug|Any CPU.ActiveCfg = Debug|iPhoneSimulator
		{EE429D4C-4784-4855-8BCE-4E117922FFC6}.Debug|Any CPU.Build.0 = Debug|iPhoneSimulator
		{EE429D4C-4784-4855-8BCE-4E117922FFC6}.Debug|Any CPU.Deploy.0 = Debug|iPhoneSimulator
		{EE429D4C-4784-4855-8BCE-4E117922FFC6}.Debug|ARM.ActiveCfg = Debug|iPhone
		{EE429D4C-4784-4855-8BCE-4E117922FFC6}.Debug|ARM.Build.0 = Debug|iPhone
		{EE429D4C-4784-4855-8BCE-4E117922FFC6}.Debug|ARM.Deploy.0 = Debug|iPhone
		{EE429D4C-4784-4855-8BCE-4E117922FFC6}.Debug|iPhone.ActiveCfg = Debug|iPhone
		{EE429D4C-4784-4855-8BCE-4E117922FFC6}.Debug|iPhone.Build.0 = Debug|iPhone
		{EE429D4C-4784-4855-8BCE-4E117922FFC6}.Debug|iPhone.Deploy.0 = Debug|iPhone
		{EE429D4C-4784-4855-8BCE-4E117922FFC6}.Debug|iPhoneSimulator.ActiveCfg = Debug|iPhoneSimulator
		{EE429D4C-4784-4855-8BCE-4E117922FFC6}.Debug|iPhoneSimulator.Build.0 = Debug|iPhoneSimulator
		{EE429D4C-4784-4855-8BCE-4E117922FFC6}.Debug|iPhoneSimulator.Deploy.0 = Debug|iPhoneSimulator
		{EE429D4C-4784-4855-8BCE-4E117922FFC6}.Debug|x64.ActiveCfg = Debug|iPhoneSimulator
		{EE429D4C-4784-4855-8BCE-4E117922FFC6}.Debug|x64.Build.0 = Debug|iPhoneSimulator
		{EE429D4C-4784-4855-8BCE-4E117922FFC6}.Debug|x64.Deploy.0 = Debug|iPhoneSimulator
		{EE429D4C-4784-4855-8BCE-4E117922FFC6}.Debug|x86.ActiveCfg = Debug|iPhoneSimulator
		{EE429D4C-4784-4855-8BCE-4E117922FFC6}.Debug|x86.Build.0 = Debug|iPhoneSimulator
		{EE429D4C-4784-4855-8BCE-4E117922FFC6}.Debug|x86.Deploy.0 = Debug|iPhoneSimulator
		{EE429D4C-4784-4855-8BCE-4E117922FFC6}.Release|Any CPU.ActiveCfg = Release|iPhoneSimulator
		{EE429D4C-4784-4855-8BCE-4E117922FFC6}.Release|Any CPU.Build.0 = Release|iPhoneSimulator
		{EE429D4C-4784-4855-8BCE-4E117922FFC6}.Release|Any CPU.Deploy.0 = Release|iPhoneSimulator
		{EE429D4C-4784-4855-8BCE-4E117922FFC6}.Release|ARM.ActiveCfg = Release|iPhoneSimulator
		{EE429D4C-4784-4855-8BCE-4E117922FFC6}.Release|ARM.Build.0 = Release|iPhoneSimulator
		{EE429D4C-4784-4855-8BCE-4E117922FFC6}.Release|ARM.Deploy.0 = Release|iPhoneSimulator
		{EE429D4C-4784-4855-8BCE-4E117922FFC6}.Release|iPhone.ActiveCfg = Release|iPhone
		{EE429D4C-4784-4855-8BCE-4E117922FFC6}.Release|iPhone.Build.0 = Release|iPhone
		{EE429D4C-4784-4855-8BCE-4E117922FFC6}.Release|iPhone.Deploy.0 = Release|iPhone
		{EE429D4C-4784-4855-8BCE-4E117922FFC6}.Release|iPhoneSimulator.ActiveCfg = Release|iPhoneSimulator
		{EE429D4C-4784-4855-8BCE-4E117922FFC6}.Release|iPhoneSimulator.Build.0 = Release|iPhoneSimulator
		{EE429D4C-4784-4855-8BCE-4E117922FFC6}.Release|iPhoneSimulator.Deploy.0 = Release|iPhoneSimulator
		{EE429D4C-4784-4855-8BCE-4E117922FFC6}.Release|x64.ActiveCfg = Release|iPhoneSimulator
		{EE429D4C-4784-4855-8BCE-4E117922FFC6}.Release|x64.Build.0 = Release|iPhoneSimulator
		{EE429D4C-4784-4855-8BCE-4E117922FFC6}.Release|x64.Deploy.0 = Release|iPhoneSimulator
		{EE429D4C-4784-4855-8BCE-4E117922FFC6}.Release|x86.ActiveCfg = Release|iPhoneSimulator
		{EE429D4C-4784-4855-8BCE-4E117922FFC6}.Release|x86.Build.0 = Release|iPhoneSimulator
		{EE429D4C-4784-4855-8BCE-4E117922FFC6}.Release|x86.Deploy.0 = Release|iPhoneSimulator
		{441A1DBE-869C-4F7B-A936-6C69F9A275E8}.Debug|Any CPU.ActiveCfg = Debug|Any CPU
		{441A1DBE-869C-4F7B-A936-6C69F9A275E8}.Debug|Any CPU.Build.0 = Debug|Any CPU
		{441A1DBE-869C-4F7B-A936-6C69F9A275E8}.Debug|Any CPU.Deploy.0 = Debug|Any CPU
		{441A1DBE-869C-4F7B-A936-6C69F9A275E8}.Debug|ARM.ActiveCfg = Debug|Any CPU
		{441A1DBE-869C-4F7B-A936-6C69F9A275E8}.Debug|ARM.Build.0 = Debug|Any CPU
		{441A1DBE-869C-4F7B-A936-6C69F9A275E8}.Debug|ARM.Deploy.0 = Debug|Any CPU
		{441A1DBE-869C-4F7B-A936-6C69F9A275E8}.Debug|iPhone.ActiveCfg = Debug|Any CPU
		{441A1DBE-869C-4F7B-A936-6C69F9A275E8}.Debug|iPhone.Build.0 = Debug|Any CPU
		{441A1DBE-869C-4F7B-A936-6C69F9A275E8}.Debug|iPhone.Deploy.0 = Debug|Any CPU
		{441A1DBE-869C-4F7B-A936-6C69F9A275E8}.Debug|iPhoneSimulator.ActiveCfg = Debug|Any CPU
		{441A1DBE-869C-4F7B-A936-6C69F9A275E8}.Debug|iPhoneSimulator.Build.0 = Debug|Any CPU
		{441A1DBE-869C-4F7B-A936-6C69F9A275E8}.Debug|iPhoneSimulator.Deploy.0 = Debug|Any CPU
		{441A1DBE-869C-4F7B-A936-6C69F9A275E8}.Debug|x64.ActiveCfg = Debug|Any CPU
		{441A1DBE-869C-4F7B-A936-6C69F9A275E8}.Debug|x64.Build.0 = Debug|Any CPU
		{441A1DBE-869C-4F7B-A936-6C69F9A275E8}.Debug|x64.Deploy.0 = Debug|Any CPU
		{441A1DBE-869C-4F7B-A936-6C69F9A275E8}.Debug|x86.ActiveCfg = Debug|Any CPU
		{441A1DBE-869C-4F7B-A936-6C69F9A275E8}.Debug|x86.Build.0 = Debug|Any CPU
		{441A1DBE-869C-4F7B-A936-6C69F9A275E8}.Debug|x86.Deploy.0 = Debug|Any CPU
		{441A1DBE-869C-4F7B-A936-6C69F9A275E8}.Release|Any CPU.ActiveCfg = Release|Any CPU
		{441A1DBE-869C-4F7B-A936-6C69F9A275E8}.Release|Any CPU.Build.0 = Release|Any CPU
		{441A1DBE-869C-4F7B-A936-6C69F9A275E8}.Release|Any CPU.Deploy.0 = Release|Any CPU
		{441A1DBE-869C-4F7B-A936-6C69F9A275E8}.Release|ARM.ActiveCfg = Release|Any CPU
		{441A1DBE-869C-4F7B-A936-6C69F9A275E8}.Release|ARM.Build.0 = Release|Any CPU
		{441A1DBE-869C-4F7B-A936-6C69F9A275E8}.Release|ARM.Deploy.0 = Release|Any CPU
		{441A1DBE-869C-4F7B-A936-6C69F9A275E8}.Release|iPhone.ActiveCfg = Release|Any CPU
		{441A1DBE-869C-4F7B-A936-6C69F9A275E8}.Release|iPhone.Build.0 = Release|Any CPU
		{441A1DBE-869C-4F7B-A936-6C69F9A275E8}.Release|iPhone.Deploy.0 = Release|Any CPU
		{441A1DBE-869C-4F7B-A936-6C69F9A275E8}.Release|iPhoneSimulator.ActiveCfg = Release|Any CPU
		{441A1DBE-869C-4F7B-A936-6C69F9A275E8}.Release|iPhoneSimulator.Build.0 = Release|Any CPU
		{441A1DBE-869C-4F7B-A936-6C69F9A275E8}.Release|iPhoneSimulator.Deploy.0 = Release|Any CPU
		{441A1DBE-869C-4F7B-A936-6C69F9A275E8}.Release|x64.ActiveCfg = Release|Any CPU
		{441A1DBE-869C-4F7B-A936-6C69F9A275E8}.Release|x64.Build.0 = Release|Any CPU
		{441A1DBE-869C-4F7B-A936-6C69F9A275E8}.Release|x64.Deploy.0 = Release|Any CPU
		{441A1DBE-869C-4F7B-A936-6C69F9A275E8}.Release|x86.ActiveCfg = Release|Any CPU
		{441A1DBE-869C-4F7B-A936-6C69F9A275E8}.Release|x86.Build.0 = Release|Any CPU
		{441A1DBE-869C-4F7B-A936-6C69F9A275E8}.Release|x86.Deploy.0 = Release|Any CPU
	EndGlobalSection
	GlobalSection(SolutionProperties) = preSolution
		HideSolutionNode = FALSE
	EndGlobalSection
	GlobalSection(ExtensibilityGlobals) = postSolution
		SolutionGuid = {08259F2C-B7EC-4CD0-8B56-43FC2B361113}
	EndGlobalSection
EndGlobal
